
Microsoft Visual Studio Solution File, Format Version 12.00
# Visual Studio Version 17
VisualStudioVersion = 17.11.35312.102
MinimumVisualStudioVersion = 10.0.40219.1
Project("{FAE04EC0-301F-11D3-BF4B-00C04F79EFBC}") = "JoelCounter", "JoelCounter.csproj", "{15416161-0A81-42B4-B3D6-2A50CC524935}"
EndProject
Global
	GlobalSection(SolutionConfigurationPlatforms) = preSolution
		Debug|Any CPU = Debug|Any CPU
		Release|Any CPU = Release|Any CPU
	EndGlobalSection
	GlobalSection(ProjectConfigurationPlatforms) = postSolution
		{15416161-0A81-42B4-B3D6-2A50CC524935}.Debug|Any CPU.ActiveCfg = Debug|Any CPU
		{15416161-0A81-42B4-B3D6-2A50CC524935}.Debug|Any CPU.Build.0 = Debug|Any CPU
		{15416161-0A81-42B4-B3D6-2A50CC524935}.Release|Any CPU.ActiveCfg = Release|Any CPU
		{15416161-0A81-42B4-B3D6-2A50CC524935}.Release|Any CPU.Build.0 = Release|Any CPU
	EndGlobalSection
	GlobalSection(SolutionProperties) = preSolution
		HideSolutionNode = FALSE
	EndGlobalSection
	GlobalSection(ExtensibilityGlobals) = postSolution
		SolutionGuid = {5B025DEC-932F-48EB-84D2-AB4116B70770}
	EndGlobalSection
EndGlobal
